// !$*UTF8*$!
{
	archiveVersion = 1;
	classes = {
	};
	objectVersion = 55;
	objects = {

/* Begin PBXBuildFile section */
		E4065FC528AEF05E000FFE99 /* Welcome_ViewController.swift in Sources */ = {isa = PBXBuildFile; fileRef = E4065FC428AEF05E000FFE99 /* Welcome_ViewController.swift */; };
		E418C7A928A7CBFF009926F9 /* AppDelegate.swift in Sources */ = {isa = PBXBuildFile; fileRef = E418C7A828A7CBFF009926F9 /* AppDelegate.swift */; };
		E418C7AB28A7CBFF009926F9 /* SceneDelegate.swift in Sources */ = {isa = PBXBuildFile; fileRef = E418C7AA28A7CBFF009926F9 /* SceneDelegate.swift */; };
		E418C7AD28A7CBFF009926F9 /* ViewController.swift in Sources */ = {isa = PBXBuildFile; fileRef = E418C7AC28A7CBFF009926F9 /* ViewController.swift */; };
		E418C7B028A7CBFF009926F9 /* Main.storyboard in Resources */ = {isa = PBXBuildFile; fileRef = E418C7AE28A7CBFF009926F9 /* Main.storyboard */; };
		E418C7B228A7CC01009926F9 /* Assets.xcassets in Resources */ = {isa = PBXBuildFile; fileRef = E418C7B128A7CC01009926F9 /* Assets.xcassets */; };
		E418C7B528A7CC01009926F9 /* LaunchScreen.storyboard in Resources */ = {isa = PBXBuildFile; fileRef = E418C7B328A7CC01009926F9 /* LaunchScreen.storyboard */; };
		E418C7BF28A7CCA0009926F9 /* Register_ViewController.swift in Sources */ = {isa = PBXBuildFile; fileRef = E418C7BE28A7CCA0009926F9 /* Register_ViewController.swift */; };
		E437663428AEF4F900D43C5E /* Category_ViewController.swift in Sources */ = {isa = PBXBuildFile; fileRef = E437663328AEF4F900D43C5E /* Category_ViewController.swift */; };
		E437663A28AEF59F00D43C5E /* Dashboard_ViewController.swift in Sources */ = {isa = PBXBuildFile; fileRef = E437663928AEF59F00D43C5E /* Dashboard_ViewController.swift */; };
		E437663D28B438E200D43C5E /* Login_ViewController.swift in Sources */ = {isa = PBXBuildFile; fileRef = E437663C28B438E200D43C5E /* Login_ViewController.swift */; };
		E437663F28B43F4D00D43C5E /* Config.swift in Sources */ = {isa = PBXBuildFile; fileRef = E437663E28B43F4D00D43C5E /* Config.swift */; };
		E46C059C28C7988D007F0217 /* CreatePost_ViewController.swift in Sources */ = {isa = PBXBuildFile; fileRef = E46C059B28C7988D007F0217 /* CreatePost_ViewController.swift */; };
		E46C059F28C80195007F0217 /* Category_CreatePost_ViewController.swift in Sources */ = {isa = PBXBuildFile; fileRef = E46C059E28C80195007F0217 /* Category_CreatePost_ViewController.swift */; };
		E46C05A228C80623007F0217 /* Category.swift in Sources */ = {isa = PBXBuildFile; fileRef = E46C05A128C80623007F0217 /* Category.swift */; };
		E46C05A528C83466007F0217 /* Cate_CreatePost_TableViewCell.swift in Sources */ = {isa = PBXBuildFile; fileRef = E46C05A428C83466007F0217 /* Cate_CreatePost_TableViewCell.swift */; };
		E46C05A828C8FAF1007F0217 /* City_CreatePost_ViewController.swift in Sources */ = {isa = PBXBuildFile; fileRef = E46C05A728C8FAF1007F0217 /* City_CreatePost_ViewController.swift */; };
		E46C05AA28C8FE1A007F0217 /* City.swift in Sources */ = {isa = PBXBuildFile; fileRef = E46C05A928C8FE1A007F0217 /* City.swift */; };
/* End PBXBuildFile section */

/* Begin PBXFileReference section */
		E4065FC428AEF05E000FFE99 /* Welcome_ViewController.swift */ = {isa = PBXFileReference; lastKnownFileType = sourcecode.swift; path = Welcome_ViewController.swift; sourceTree = "<group>"; };
		E418C7A528A7CBFF009926F9 /* AppRaovat.app */ = {isa = PBXFileReference; explicitFileType = wrapper.application; includeInIndex = 0; path = AppRaovat.app; sourceTree = BUILT_PRODUCTS_DIR; };
		E418C7A828A7CBFF009926F9 /* AppDelegate.swift */ = {isa = PBXFileReference; lastKnownFileType = sourcecode.swift; path = AppDelegate.swift; sourceTree = "<group>"; };
		E418C7AA28A7CBFF009926F9 /* SceneDelegate.swift */ = {isa = PBXFileReference; lastKnownFileType = sourcecode.swift; path = SceneDelegate.swift; sourceTree = "<group>"; };
		E418C7AC28A7CBFF009926F9 /* ViewController.swift */ = {isa = PBXFileReference; lastKnownFileType = sourcecode.swift; path = ViewController.swift; sourceTree = "<group>"; };
		E418C7AF28A7CBFF009926F9 /* Base */ = {isa = PBXFileReference; lastKnownFileType = file.storyboard; name = Base; path = Base.lproj/Main.storyboard; sourceTree = "<group>"; };
		E418C7B128A7CC01009926F9 /* Assets.xcassets */ = {isa = PBXFileReference; lastKnownFileType = folder.assetcatalog; path = Assets.xcassets; sourceTree = "<group>"; };
		E418C7B428A7CC01009926F9 /* Base */ = {isa = PBXFileReference; lastKnownFileType = file.storyboard; name = Base; path = Base.lproj/LaunchScreen.storyboard; sourceTree = "<group>"; };
		E418C7B628A7CC01009926F9 /* Info.plist */ = {isa = PBXFileReference; lastKnownFileType = text.plist.xml; path = Info.plist; sourceTree = "<group>"; };
		E418C7BE28A7CCA0009926F9 /* Register_ViewController.swift */ = {isa = PBXFileReference; lastKnownFileType = sourcecode.swift; path = Register_ViewController.swift; sourceTree = "<group>"; };
		E437663328AEF4F900D43C5E /* Category_ViewController.swift */ = {isa = PBXFileReference; lastKnownFileType = sourcecode.swift; path = Category_ViewController.swift; sourceTree = "<group>"; };
		E437663928AEF59F00D43C5E /* Dashboard_ViewController.swift */ = {isa = PBXFileReference; lastKnownFileType = sourcecode.swift; path = Dashboard_ViewController.swift; sourceTree = "<group>"; };
		E437663C28B438E200D43C5E /* Login_ViewController.swift */ = {isa = PBXFileReference; lastKnownFileType = sourcecode.swift; path = Login_ViewController.swift; sourceTree = "<group>"; };
		E437663E28B43F4D00D43C5E /* Config.swift */ = {isa = PBXFileReference; lastKnownFileType = sourcecode.swift; path = Config.swift; sourceTree = "<group>"; };
		E46C059B28C7988D007F0217 /* CreatePost_ViewController.swift */ = {isa = PBXFileReference; lastKnownFileType = sourcecode.swift; path = CreatePost_ViewController.swift; sourceTree = "<group>"; };
		E46C059E28C80195007F0217 /* Category_CreatePost_ViewController.swift */ = {isa = PBXFileReference; lastKnownFileType = sourcecode.swift; path = Category_CreatePost_ViewController.swift; sourceTree = "<group>"; };
		E46C05A128C80623007F0217 /* Category.swift */ = {isa = PBXFileReference; lastKnownFileType = sourcecode.swift; path = Category.swift; sourceTree = "<group>"; };
		E46C05A428C83466007F0217 /* Cate_CreatePost_TableViewCell.swift */ = {isa = PBXFileReference; lastKnownFileType = sourcecode.swift; path = Cate_CreatePost_TableViewCell.swift; sourceTree = "<group>"; };
		E46C05A728C8FAF1007F0217 /* City_CreatePost_ViewController.swift */ = {isa = PBXFileReference; lastKnownFileType = sourcecode.swift; path = City_CreatePost_ViewController.swift; sourceTree = "<group>"; };
		E46C05A928C8FE1A007F0217 /* City.swift */ = {isa = PBXFileReference; lastKnownFileType = sourcecode.swift; path = City.swift; sourceTree = "<group>"; };
/* End PBXFileReference section */

/* Begin PBXFrameworksBuildPhase section */
		E418C7A228A7CBFF009926F9 /* Frameworks */ = {
			isa = PBXFrameworksBuildPhase;
			buildActionMask = 2147483647;
			files = (
			);
			runOnlyForDeploymentPostprocessing = 0;
		};
/* End PBXFrameworksBuildPhase section */

/* Begin PBXGroup section */
		E4065FC328AEEFFD000FFE99 /* Welcome */ = {
			isa = PBXGroup;
			children = (
				E4065FC428AEF05E000FFE99 /* Welcome_ViewController.swift */,
			);
			path = Welcome;
			sourceTree = "<group>";
		};
		E418C79C28A7CBFF009926F9 = {
			isa = PBXGroup;
			children = (
				E418C7A728A7CBFF009926F9 /* AppRaovat */,
				E418C7A628A7CBFF009926F9 /* Products */,
			);
			sourceTree = "<group>";
		};
		E418C7A628A7CBFF009926F9 /* Products */ = {
			isa = PBXGroup;
			children = (
				E418C7A528A7CBFF009926F9 /* AppRaovat.app */,
			);
			name = Products;
			sourceTree = "<group>";
		};
		E418C7A728A7CBFF009926F9 /* AppRaovat */ = {
			isa = PBXGroup;
			children = (
				E46C05A028C80600007F0217 /* Models */,
				E418C7BC28A7CC1D009926F9 /* Screens */,
				E418C7A828A7CBFF009926F9 /* AppDelegate.swift */,
				E418C7AA28A7CBFF009926F9 /* SceneDelegate.swift */,
				E418C7AC28A7CBFF009926F9 /* ViewController.swift */,
				E418C7AE28A7CBFF009926F9 /* Main.storyboard */,
				E418C7B128A7CC01009926F9 /* Assets.xcassets */,
				E418C7B328A7CC01009926F9 /* LaunchScreen.storyboard */,
				E418C7B628A7CC01009926F9 /* Info.plist */,
				E437663E28B43F4D00D43C5E /* Config.swift */,
			);
			path = AppRaovat;
			sourceTree = "<group>";
		};
		E418C7BC28A7CC1D009926F9 /* Screens */ = {
			isa = PBXGroup;
			children = (
				E46C05A628C8FAB8007F0217 /* City_CreatePost */,
				E46C059D28C80157007F0217 /* Category_CreatePost */,
				E46C059A28C79867007F0217 /* CreatePost */,
				E437663B28B438CE00D43C5E /* Login */,
				E437663828AEF57E00D43C5E /* Dashboard */,
				E437663228AEF4CE00D43C5E /* Category */,
				E4065FC328AEEFFD000FFE99 /* Welcome */,
				E418C7BD28A7CC62009926F9 /* Register */,
			);
			path = Screens;
			sourceTree = "<group>";
		};
		E418C7BD28A7CC62009926F9 /* Register */ = {
			isa = PBXGroup;
			children = (
				E418C7BE28A7CCA0009926F9 /* Register_ViewController.swift */,
			);
			path = Register;
			sourceTree = "<group>";
		};
		E437663228AEF4CE00D43C5E /* Category */ = {
			isa = PBXGroup;
			children = (
				E437663328AEF4F900D43C5E /* Category_ViewController.swift */,
			);
			path = Category;
			sourceTree = "<group>";
		};
		E437663828AEF57E00D43C5E /* Dashboard */ = {
			isa = PBXGroup;
			children = (
				E437663928AEF59F00D43C5E /* Dashboard_ViewController.swift */,
			);
			path = Dashboard;
			sourceTree = "<group>";
		};
		E437663B28B438CE00D43C5E /* Login */ = {
			isa = PBXGroup;
			children = (
				E437663C28B438E200D43C5E /* Login_ViewController.swift */,
			);
			path = Login;
			sourceTree = "<group>";
		};
		E46C059A28C79867007F0217 /* CreatePost */ = {
			isa = PBXGroup;
			children = (
				E46C059B28C7988D007F0217 /* CreatePost_ViewController.swift */,
			);
			path = CreatePost;
			sourceTree = "<group>";
		};
		E46C059D28C80157007F0217 /* Category_CreatePost */ = {
			isa = PBXGroup;
			children = (
				E46C05A328C833D0007F0217 /* Cate_Cell */,
				E46C059E28C80195007F0217 /* Category_CreatePost_ViewController.swift */,
			);
			path = Category_CreatePost;
			sourceTree = "<group>";
		};
		E46C05A028C80600007F0217 /* Models */ = {
			isa = PBXGroup;
			children = (
				E46C05A128C80623007F0217 /* Category.swift */,
				E46C05A928C8FE1A007F0217 /* City.swift */,
			);
			path = Models;
			sourceTree = "<group>";
		};
		E46C05A328C833D0007F0217 /* Cate_Cell */ = {
			isa = PBXGroup;
			children = (
				E46C05A428C83466007F0217 /* Cate_CreatePost_TableViewCell.swift */,
			);
			path = Cate_Cell;
			sourceTree = "<group>";
		};
		E46C05A628C8FAB8007F0217 /* City_CreatePost */ = {
			isa = PBXGroup;
			children = (
				E46C05A728C8FAF1007F0217 /* City_CreatePost_ViewController.swift */,
			);
			path = City_CreatePost;
			sourceTree = "<group>";
		};
/* End PBXGroup section */

/* Begin PBXNativeTarget section */
		E418C7A428A7CBFF009926F9 /* AppRaovat */ = {
			isa = PBXNativeTarget;
			buildConfigurationList = E418C7B928A7CC01009926F9 /* Build configuration list for PBXNativeTarget "AppRaovat" */;
			buildPhases = (
				E418C7A128A7CBFF009926F9 /* Sources */,
				E418C7A228A7CBFF009926F9 /* Frameworks */,
				E418C7A328A7CBFF009926F9 /* Resources */,
			);
			buildRules = (
			);
			dependencies = (
			);
			name = AppRaovat;
			productName = AppRaovat;
			productReference = E418C7A528A7CBFF009926F9 /* AppRaovat.app */;
			productType = "com.apple.product-type.application";
		};
/* End PBXNativeTarget section */

/* Begin PBXProject section */
		E418C79D28A7CBFF009926F9 /* Project object */ = {
			isa = PBXProject;
			attributes = {
				BuildIndependentTargetsInParallel = 1;
				LastSwiftUpdateCheck = 1340;
				LastUpgradeCheck = 1340;
				TargetAttributes = {
					E418C7A428A7CBFF009926F9 = {
						CreatedOnToolsVersion = 13.4.1;
					};
				};
			};
			buildConfigurationList = E418C7A028A7CBFF009926F9 /* Build configuration list for PBXProject "AppRaovat" */;
			compatibilityVersion = "Xcode 13.0";
			developmentRegion = en;
			hasScannedForEncodings = 0;
			knownRegions = (
				en,
				Base,
			);
			mainGroup = E418C79C28A7CBFF009926F9;
			productRefGroup = E418C7A628A7CBFF009926F9 /* Products */;
			projectDirPath = "";
			projectRoot = "";
			targets = (
				E418C7A428A7CBFF009926F9 /* AppRaovat */,
			);
		};
/* End PBXProject section */

/* Begin PBXResourcesBuildPhase section */
		E418C7A328A7CBFF009926F9 /* Resources */ = {
			isa = PBXResourcesBuildPhase;
			buildActionMask = 2147483647;
			files = (
				E418C7B528A7CC01009926F9 /* LaunchScreen.storyboard in Resources */,
				E418C7B228A7CC01009926F9 /* Assets.xcassets in Resources */,
				E418C7B028A7CBFF009926F9 /* Main.storyboard in Resources */,
			);
			runOnlyForDeploymentPostprocessing = 0;
		};
/* End PBXResourcesBuildPhase section */

/* Begin PBXSourcesBuildPhase section */
		E418C7A128A7CBFF009926F9 /* Sources */ = {
			isa = PBXSourcesBuildPhase;
			buildActionMask = 2147483647;
			files = (
				E46C059F28C80195007F0217 /* Category_CreatePost_ViewController.swift in Sources */,
				E46C05A828C8FAF1007F0217 /* City_CreatePost_ViewController.swift in Sources */,
				E437663D28B438E200D43C5E /* Login_ViewController.swift in Sources */,
				E418C7AD28A7CBFF009926F9 /* ViewController.swift in Sources */,
				E418C7A928A7CBFF009926F9 /* AppDelegate.swift in Sources */,
				E437663428AEF4F900D43C5E /* Category_ViewController.swift in Sources */,
				E4065FC528AEF05E000FFE99 /* Welcome_ViewController.swift in Sources */,
				E418C7AB28A7CBFF009926F9 /* SceneDelegate.swift in Sources */,
				E437663F28B43F4D00D43C5E /* Config.swift in Sources */,
				E46C05A228C80623007F0217 /* Category.swift in Sources */,
				E418C7BF28A7CCA0009926F9 /* Register_ViewController.swift in Sources */,
				E46C059C28C7988D007F0217 /* CreatePost_ViewController.swift in Sources */,
				E46C05A528C83466007F0217 /* Cate_CreatePost_TableViewCell.swift in Sources */,
				E46C05AA28C8FE1A007F0217 /* City.swift in Sources */,
				E437663A28AEF59F00D43C5E /* Dashboard_ViewController.swift in Sources */,
			);
			runOnlyForDeploymentPostprocessing = 0;
		};
/* End PBXSourcesBuildPhase section */

/* Begin PBXVariantGroup section */
		E418C7AE28A7CBFF009926F9 /* Main.storyboard */ = {
			isa = PBXVariantGroup;
			children = (
				E418C7AF28A7CBFF009926F9 /* Base */,
			);
			name = Main.storyboard;
			sourceTree = "<group>";
		};
		E418C7B328A7CC01009926F9 /* LaunchScreen.storyboard */ = {
			isa = PBXVariantGroup;
			children = (
				E418C7B428A7CC01009926F9 /* Base */,
			);
			name = LaunchScreen.storyboard;
			sourceTree = "<group>";
		};
/* End PBXVariantGroup section */

/* Begin XCBuildConfiguration section */
		E418C7B728A7CC01009926F9 /* Debug */ = {
			isa = XCBuildConfiguration;
			buildSettings = {
				ALWAYS_SEARCH_USER_PATHS = NO;
				CLANG_ANALYZER_NONNULL = YES;
				CLANG_ANALYZER_NUMBER_OBJECT_CONVERSION = YES_AGGRESSIVE;
				CLANG_CXX_LANGUAGE_STANDARD = "gnu++17";
				CLANG_ENABLE_MODULES = YES;
				CLANG_ENABLE_OBJC_ARC = YES;
				CLANG_ENABLE_OBJC_WEAK = YES;
				CLANG_WARN_BLOCK_CAPTURE_AUTORELEASING = YES;
				CLANG_WARN_BOOL_CONVERSION = YES;
				CLANG_WARN_COMMA = YES;
				CLANG_WARN_CONSTANT_CONVERSION = YES;
				CLANG_WARN_DEPRECATED_OBJC_IMPLEMENTATIONS = YES;
				CLANG_WARN_DIRECT_OBJC_ISA_USAGE = YES_ERROR;
				CLANG_WARN_DOCUMENTATION_COMMENTS = YES;
				CLANG_WARN_EMPTY_BODY = YES;
				CLANG_WARN_ENUM_CONVERSION = YES;
				CLANG_WARN_INFINITE_RECURSION = YES;
				CLANG_WARN_INT_CONVERSION = YES;
				CLANG_WARN_NON_LITERAL_NULL_CONVERSION = YES;
				CLANG_WARN_OBJC_IMPLICIT_RETAIN_SELF = YES;
				CLANG_WARN_OBJC_LITERAL_CONVERSION = YES;
				CLANG_WARN_OBJC_ROOT_CLASS = YES_ERROR;
				CLANG_WARN_QUOTED_INCLUDE_IN_FRAMEWORK_HEADER = YES;
				CLANG_WARN_RANGE_LOOP_ANALYSIS = YES;
				CLANG_WARN_STRICT_PROTOTYPES = YES;
				CLANG_WARN_SUSPICIOUS_MOVE = YES;
				CLANG_WARN_UNGUARDED_AVAILABILITY = YES_AGGRESSIVE;
				CLANG_WARN_UNREACHABLE_CODE = YES;
				CLANG_WARN__DUPLICATE_METHOD_MATCH = YES;
				COPY_PHASE_STRIP = NO;
				DEBUG_INFORMATION_FORMAT = dwarf;
				ENABLE_STRICT_OBJC_MSGSEND = YES;
				ENABLE_TESTABILITY = YES;
				GCC_C_LANGUAGE_STANDARD = gnu11;
				GCC_DYNAMIC_NO_PIC = NO;
				GCC_NO_COMMON_BLOCKS = YES;
				GCC_OPTIMIZATION_LEVEL = 0;
				GCC_PREPROCESSOR_DEFINITIONS = (
					"DEBUG=1",
					"$(inherited)",
				);
				GCC_WARN_64_TO_32_BIT_CONVERSION = YES;
				GCC_WARN_ABOUT_RETURN_TYPE = YES_ERROR;
				GCC_WARN_UNDECLARED_SELECTOR = YES;
				GCC_WARN_UNINITIALIZED_AUTOS = YES_AGGRESSIVE;
				GCC_WARN_UNUSED_FUNCTION = YES;
				GCC_WARN_UNUSED_VARIABLE = YES;
				IPHONEOS_DEPLOYMENT_TARGET = 15.5;
				MTL_ENABLE_DEBUG_INFO = INCLUDE_SOURCE;
				MTL_FAST_MATH = YES;
				ONLY_ACTIVE_ARCH = YES;
				SDKROOT = iphoneos;
				SWIFT_ACTIVE_COMPILATION_CONDITIONS = DEBUG;
				SWIFT_OPTIMIZATION_LEVEL = "-Onone";
			};
			name = Debug;
		};
		E418C7B828A7CC01009926F9 /* Release */ = {
			isa = XCBuildConfiguration;
			buildSettings = {
				ALWAYS_SEARCH_USER_PATHS = NO;
				CLANG_ANALYZER_NONNULL = YES;
				CLANG_ANALYZER_NUMBER_OBJECT_CONVERSION = YES_AGGRESSIVE;
				CLANG_CXX_LANGUAGE_STANDARD = "gnu++17";
				CLANG_ENABLE_MODULES = YES;
				CLANG_ENABLE_OBJC_ARC = YES;
				CLANG_ENABLE_OBJC_WEAK = YES;
				CLANG_WARN_BLOCK_CAPTURE_AUTORELEASING = YES;
				CLANG_WARN_BOOL_CONVERSION = YES;
				CLANG_WARN_COMMA = YES;
				CLANG_WARN_CONSTANT_CONVERSION = YES;
				CLANG_WARN_DEPRECATED_OBJC_IMPLEMENTATIONS = YES;
				CLANG_WARN_DIRECT_OBJC_ISA_USAGE = YES_ERROR;
				CLANG_WARN_DOCUMENTATION_COMMENTS = YES;
				CLANG_WARN_EMPTY_BODY = YES;
				CLANG_WARN_ENUM_CONVERSION = YES;
				CLANG_WARN_INFINITE_RECURSION = YES;
				CLANG_WARN_INT_CONVERSION = YES;
				CLANG_WARN_NON_LITERAL_NULL_CONVERSION = YES;
				CLANG_WARN_OBJC_IMPLICIT_RETAIN_SELF = YES;
				CLANG_WARN_OBJC_LITERAL_CONVERSION = YES;
				CLANG_WARN_OBJC_ROOT_CLASS = YES_ERROR;
				CLANG_WARN_QUOTED_INCLUDE_IN_FRAMEWORK_HEADER = YES;
				CLANG_WARN_RANGE_LOOP_ANALYSIS = YES;
				CLANG_WARN_STRICT_PROTOTYPES = YES;
				CLANG_WARN_SUSPICIOUS_MOVE = YES;
				CLANG_WARN_UNGUARDED_AVAILABILITY = YES_AGGRESSIVE;
				CLANG_WARN_UNREACHABLE_CODE = YES;
				CLANG_WARN__DUPLICATE_METHOD_MATCH = YES;
				COPY_PHASE_STRIP = NO;
				DEBUG_INFORMATION_FORMAT = "dwarf-with-dsym";
				ENABLE_NS_ASSERTIONS = NO;
				ENABLE_STRICT_OBJC_MSGSEND = YES;
				GCC_C_LANGUAGE_STANDARD = gnu11;
				GCC_NO_COMMON_BLOCKS = YES;
				GCC_WARN_64_TO_32_BIT_CONVERSION = YES;
				GCC_WARN_ABOUT_RETURN_TYPE = YES_ERROR;
				GCC_WARN_UNDECLARED_SELECTOR = YES;
				GCC_WARN_UNINITIALIZED_AUTOS = YES_AGGRESSIVE;
				GCC_WARN_UNUSED_FUNCTION = YES;
				GCC_WARN_UNUSED_VARIABLE = YES;
				IPHONEOS_DEPLOYMENT_TARGET = 15.5;
				MTL_ENABLE_DEBUG_INFO = NO;
				MTL_FAST_MATH = YES;
				SDKROOT = iphoneos;
				SWIFT_COMPILATION_MODE = wholemodule;
				SWIFT_OPTIMIZATION_LEVEL = "-O";
				VALIDATE_PRODUCT = YES;
			};
			name = Release;
		};
		E418C7BA28A7CC01009926F9 /* Debug */ = {
			isa = XCBuildConfiguration;
			buildSettings = {
				ASSETCATALOG_COMPILER_APPICON_NAME = AppIcon;
				ASSETCATALOG_COMPILER_GLOBAL_ACCENT_COLOR_NAME = AccentColor;
				CODE_SIGN_STYLE = Automatic;
				CURRENT_PROJECT_VERSION = 1;
				DEVELOPMENT_TEAM = C3FN5UBAWK;
				GENERATE_INFOPLIST_FILE = YES;
				INFOPLIST_FILE = AppRaovat/Info.plist;
				INFOPLIST_KEY_UIApplicationSupportsIndirectInputEvents = YES;
				INFOPLIST_KEY_UILaunchStoryboardName = LaunchScreen;
				INFOPLIST_KEY_UIMainStoryboardFile = Main;
				INFOPLIST_KEY_UISupportedInterfaceOrientations_iPad = "UIInterfaceOrientationPortrait UIInterfaceOrientationPortraitUpsideDown UIInterfaceOrientationLandscapeLeft UIInterfaceOrientationLandscapeRight";
				INFOPLIST_KEY_UISupportedInterfaceOrientations_iPhone = "UIInterfaceOrientationPortrait UIInterfaceOrientationLandscapeLeft UIInterfaceOrientationLandscapeRight";
				LD_RUNPATH_SEARCH_PATHS = (
					"$(inherited)",
					"@executable_path/Frameworks",
				);
				MARKETING_VERSION = 1.0;
				PRODUCT_BUNDLE_IDENTIFIER = thien.AppRaovat;
				PRODUCT_NAME = "$(TARGET_NAME)";
				SWIFT_EMIT_LOC_STRINGS = YES;
				SWIFT_VERSION = 5.0;
				TARGETED_DEVICE_FAMILY = "1,2";
			};
			name = Debug;
		};
		E418C7BB28A7CC01009926F9 /* Release */ = {
			isa = XCBuildConfiguration;
			buildSettings = {
				ASSETCATALOG_COMPILER_APPICON_NAME = AppIcon;
				ASSETCATALOG_COMPILER_GLOBAL_ACCENT_COLOR_NAME = AccentColor;
				CODE_SIGN_STYLE = Automatic;
				CURRENT_PROJECT_VERSION = 1;
				DEVELOPMENT_TEAM = C3FN5UBAWK;
				GENERATE_INFOPLIST_FILE = YES;
				INFOPLIST_FILE = AppRaovat/Info.plist;
				INFOPLIST_KEY_UIApplicationSupportsIndirectInputEvents = YES;
				INFOPLIST_KEY_UILaunchStoryboardName = LaunchScreen;
				INFOPLIST_KEY_UIMainStoryboardFile = Main;
				INFOPLIST_KEY_UISupportedInterfaceOrientations_iPad = "UIInterfaceOrientationPortrait UIInterfaceOrientationPortraitUpsideDown UIInterfaceOrientationLandscapeLeft UIInterfaceOrientationLandscapeRight";
				INFOPLIST_KEY_UISupportedInterfaceOrientations_iPhone = "UIInterfaceOrientationPortrait UIInterfaceOrientationLandscapeLeft UIInterfaceOrientationLandscapeRight";
				LD_RUNPATH_SEARCH_PATHS = (
					"$(inherited)",
					"@executable_path/Frameworks",
				);
				MARKETING_VERSION = 1.0;
				PRODUCT_BUNDLE_IDENTIFIER = thien.AppRaovat;
				PRODUCT_NAME = "$(TARGET_NAME)";
				SWIFT_EMIT_LOC_STRINGS = YES;
				SWIFT_VERSION = 5.0;
				TARGETED_DEVICE_FAMILY = "1,2";
			};
			name = Release;
		};
/* End XCBuildConfiguration section */

/* Begin XCConfigurationList section */
		E418C7A028A7CBFF009926F9 /* Build configuration list for PBXProject "AppRaovat" */ = {
			isa = XCConfigurationList;
			buildConfigurations = (
				E418C7B728A7CC01009926F9 /* Debug */,
				E418C7B828A7CC01009926F9 /* Release */,
			);
			defaultConfigurationIsVisible = 0;
			defaultConfigurationName = Release;
		};
		E418C7B928A7CC01009926F9 /* Build configuration list for PBXNativeTarget "AppRaovat" */ = {
			isa = XCConfigurationList;
			buildConfigurations = (
				E418C7BA28A7CC01009926F9 /* Debug */,
				E418C7BB28A7CC01009926F9 /* Release */,
			);
			defaultConfigurationIsVisible = 0;
			defaultConfigurationName = Release;
		};
/* End XCConfigurationList section */
	};
	rootObject = E418C79D28A7CBFF009926F9 /* Project object */;
}
